
Microsoft Visual Studio Solution File, Format Version 12.00
# Visual Studio 15
VisualStudioVersion = 15.0.28307.572
MinimumVisualStudioVersion = 10.0.40219.1
Project("{FAE04EC0-301F-11D3-BF4B-00C04F79EFBC}") = "RobotDataAPRA_V1", "RobotDataAPRA_V1.csproj", "{A20DE3D4-F2ED-4D84-9CAB-EC867F772958}"
EndProject
Global
	GlobalSection(SolutionConfigurationPlatforms) = preSolution
		Debug|Any CPU = Debug|Any CPU
		Release|Any CPU = Release|Any CPU
	EndGlobalSection
	GlobalSection(ProjectConfigurationPlatforms) = postSolution
		{A20DE3D4-F2ED-4D84-9CAB-EC867F772958}.Debug|Any CPU.ActiveCfg = Debug|Any CPU
		{A20DE3D4-F2ED-4D84-9CAB-EC867F772958}.Debug|Any CPU.Build.0 = Debug|Any CPU
		{A20DE3D4-F2ED-4D84-9CAB-EC867F772958}.Release|Any CPU.ActiveCfg = Release|Any CPU
		{A20DE3D4-F2ED-4D84-9CAB-EC867F772958}.Release|Any CPU.Build.0 = Release|Any CPU
	EndGlobalSection
	GlobalSection(SolutionProperties) = preSolution
		HideSolutionNode = FALSE
	EndGlobalSection
	GlobalSection(ExtensibilityGlobals) = postSolution
		SolutionGuid = {D097D7A7-7DA2-4B83-8F81-C1D3CB317780}
	EndGlobalSection
EndGlobal
